
Microsoft Visual Studio Solution File, Format Version 12.00
# Visual Studio 2013
VisualStudioVersion = 12.0.31101.0
MinimumVisualStudioVersion = 10.0.40219.1
Project("{FAE04EC0-301F-11D3-BF4B-00C04F79EFBC}") = "CopyCat", "CopyCat\CopyCat.csproj", "{CD3A26DA-41F7-4FD1-8D32-77AA7E65FC99}"
EndProject
Project("{2150E333-8FDC-42A3-9474-1A3956D46DE8}") = ".nuget", ".nuget", "{176B10DF-D3F7-45AE-9241-2BAE13AB628A}"
	ProjectSection(SolutionItems) = preProject
		.nuget\packages.config = .nuget\packages.config
	EndProjectSection
EndProject
Project("{2150E333-8FDC-42A3-9474-1A3956D46DE8}") = "PublishScripts", "PublishScripts", "{C26AD308-6DEE-4E58-98D7-DC91537B8720}"
	ProjectSection(SolutionItems) = preProject
		PublishScripts\AzureWebsitePublishModule.psm1 = PublishScripts\AzureWebsitePublishModule.psm1
		PublishScripts\Publish-WebApplicationWebsite.ps1 = PublishScripts\Publish-WebApplicationWebsite.ps1
	EndProjectSection
EndProject
Project("{2150E333-8FDC-42A3-9474-1A3956D46DE8}") = "Configurations", "Configurations", "{F8E3C269-0EC6-4FD3-8515-96ED31DC9C89}"
	ProjectSection(SolutionItems) = preProject
		PublishScripts\Configurations\CopyCat-WAWS-dev.json = PublishScripts\Configurations\CopyCat-WAWS-dev.json
	EndProjectSection
EndProject
Global
	GlobalSection(SolutionConfigurationPlatforms) = preSolution
		Debug|Any CPU = Debug|Any CPU
		Release|Any CPU = Release|Any CPU
	EndGlobalSection
	GlobalSection(ProjectConfigurationPlatforms) = postSolution
		{CD3A26DA-41F7-4FD1-8D32-77AA7E65FC99}.Debug|Any CPU.ActiveCfg = Debug|Any CPU
		{CD3A26DA-41F7-4FD1-8D32-77AA7E65FC99}.Debug|Any CPU.Build.0 = Debug|Any CPU
		{CD3A26DA-41F7-4FD1-8D32-77AA7E65FC99}.Release|Any CPU.ActiveCfg = Release|Any CPU
		{CD3A26DA-41F7-4FD1-8D32-77AA7E65FC99}.Release|Any CPU.Build.0 = Release|Any CPU
	EndGlobalSection
	GlobalSection(SolutionProperties) = preSolution
		HideSolutionNode = FALSE
	EndGlobalSection
	GlobalSection(NestedProjects) = preSolution
		{F8E3C269-0EC6-4FD3-8515-96ED31DC9C89} = {C26AD308-6DEE-4E58-98D7-DC91537B8720}
	EndGlobalSection
EndGlobal
